// !$*UTF8*$!
{
	archiveVersion = 1;
	classes = {
	};
	objectVersion = 48;
	objects = {

/* Begin PBXBuildFile section */
		4364036720DB667E0093241C /* AppDelegate.swift in Sources */ = {isa = PBXBuildFile; fileRef = 4364036620DB667E0093241C /* AppDelegate.swift */; };
		4364036920DB667E0093241C /* ViewController.swift in Sources */ = {isa = PBXBuildFile; fileRef = 4364036820DB667E0093241C /* ViewController.swift */; };
		4364036C20DB667F0093241C /* Main.storyboard in Resources */ = {isa = PBXBuildFile; fileRef = 4364036A20DB667F0093241C /* Main.storyboard */; };
		4364036F20DB667F0093241C /* CoreDataPhoneBook.xcdatamodeld in Sources */ = {isa = PBXBuildFile; fileRef = 4364036D20DB667F0093241C /* CoreDataPhoneBook.xcdatamodeld */; };
		4364037120DB667F0093241C /* Assets.xcassets in Resources */ = {isa = PBXBuildFile; fileRef = 4364037020DB667F0093241C /* Assets.xcassets */; };
		4364037420DB667F0093241C /* LaunchScreen.storyboard in Resources */ = {isa = PBXBuildFile; fileRef = 4364037220DB667F0093241C /* LaunchScreen.storyboard */; };
/* End PBXBuildFile section */

/* Begin PBXFileReference section */
		4364036320DB667E0093241C /* CoreDataPhoneBook.app */ = {isa = PBXFileReference; explicitFileType = wrapper.application; includeInIndex = 0; path = CoreDataPhoneBook.app; sourceTree = BUILT_PRODUCTS_DIR; };
		4364036620DB667E0093241C /* AppDelegate.swift */ = {isa = PBXFileReference; lastKnownFileType = sourcecode.swift; path = AppDelegate.swift; sourceTree = "<group>"; };
		4364036820DB667E0093241C /* ViewController.swift */ = {isa = PBXFileReference; lastKnownFileType = sourcecode.swift; path = ViewController.swift; sourceTree = "<group>"; };
		4364036B20DB667F0093241C /* Base */ = {isa = PBXFileReference; lastKnownFileType = file.storyboard; name = Base; path = Base.lproj/Main.storyboard; sourceTree = "<group>"; };
		4364036E20DB667F0093241C /* CoreDataPhoneBook.xcdatamodel */ = {isa = PBXFileReference; lastKnownFileType = wrapper.xcdatamodel; path = CoreDataPhoneBook.xcdatamodel; sourceTree = "<group>"; };
		4364037020DB667F0093241C /* Assets.xcassets */ = {isa = PBXFileReference; lastKnownFileType = folder.assetcatalog; path = Assets.xcassets; sourceTree = "<group>"; };
		4364037320DB667F0093241C /* Base */ = {isa = PBXFileReference; lastKnownFileType = file.storyboard; name = Base; path = Base.lproj/LaunchScreen.storyboard; sourceTree = "<group>"; };
		4364037520DB667F0093241C /* Info.plist */ = {isa = PBXFileReference; lastKnownFileType = text.plist.xml; path = Info.plist; sourceTree = "<group>"; };
/* End PBXFileReference section */

/* Begin PBXFrameworksBuildPhase section */
		4364036020DB667E0093241C /* Frameworks */ = {
			isa = PBXFrameworksBuildPhase;
			buildActionMask = 2147483647;
			files = (
			);
			runOnlyForDeploymentPostprocessing = 0;
		};
/* End PBXFrameworksBuildPhase section */

/* Begin PBXGroup section */
		4364035A20DB667E0093241C = {
			isa = PBXGroup;
			children = (
				4364036520DB667E0093241C /* CoreDataPhoneBook */,
				4364036420DB667E0093241C /* Products */,
			);
			sourceTree = "<group>";
		};
		4364036420DB667E0093241C /* Products */ = {
			isa = PBXGroup;
			children = (
				4364036320DB667E0093241C /* CoreDataPhoneBook.app */,
			);
			name = Products;
			sourceTree = "<group>";
		};
		4364036520DB667E0093241C /* CoreDataPhoneBook */ = {
			isa = PBXGroup;
			children = (
				4364036620DB667E0093241C /* AppDelegate.swift */,
				4364036820DB667E0093241C /* ViewController.swift */,
				4364036A20DB667F0093241C /* Main.storyboard */,
				4364037020DB667F0093241C /* Assets.xcassets */,
				4364037220DB667F0093241C /* LaunchScreen.storyboard */,
				4364037520DB667F0093241C /* Info.plist */,
				4364036D20DB667F0093241C /* CoreDataPhoneBook.xcdatamodeld */,
			);
			path = CoreDataPhoneBook;
			sourceTree = "<group>";
		};
/* End PBXGroup section */

/* Begin PBXNativeTarget section */
		4364036220DB667E0093241C /* CoreDataPhoneBook */ = {
			isa = PBXNativeTarget;
			buildConfigurationList = 4364037820DB667F0093241C /* Build configuration list for PBXNativeTarget "CoreDataPhoneBook" */;
			buildPhases = (
				4364035F20DB667E0093241C /* Sources */,
				4364036020DB667E0093241C /* Frameworks */,
				4364036120DB667E0093241C /* Resources */,
			);
			buildRules = (
			);
			dependencies = (
			);
			name = CoreDataPhoneBook;
			productName = CoreDataPhoneBook;
			productReference = 4364036320DB667E0093241C /* CoreDataPhoneBook.app */;
			productType = "com.apple.product-type.application";
		};
/* End PBXNativeTarget section */

/* Begin PBXProject section */
		4364035B20DB667E0093241C /* Project object */ = {
			isa = PBXProject;
			attributes = {
				LastSwiftUpdateCheck = 0920;
				LastUpgradeCheck = 0920;
				ORGANIZATIONNAME = brn;
				TargetAttributes = {
					4364036220DB667E0093241C = {
						CreatedOnToolsVersion = 9.2;
						ProvisioningStyle = Automatic;
					};
				};
			};
			buildConfigurationList = 4364035E20DB667E0093241C /* Build configuration list for PBXProject "CoreDataPhoneBook" */;
			compatibilityVersion = "Xcode 8.0";
			developmentRegion = en;
			hasScannedForEncodings = 0;
			knownRegions = (
				en,
				Base,
			);
			mainGroup = 4364035A20DB667E0093241C;
			productRefGroup = 4364036420DB667E0093241C /* Products */;
			projectDirPath = "";
			projectRoot = "";
			targets = (
				4364036220DB667E0093241C /* CoreDataPhoneBook */,
			);
		};
/* End PBXProject section */

/* Begin PBXResourcesBuildPhase section */
		4364036120DB667E0093241C /* Resources */ = {
			isa = PBXResourcesBuildPhase;
			buildActionMask = 2147483647;
			files = (
				4364037420DB667F0093241C /* LaunchScreen.storyboard in Resources */,
				4364037120DB667F0093241C /* Assets.xcassets in Resources */,
				4364036C20DB667F0093241C /* Main.storyboard in Resources */,
			);
			runOnlyForDeploymentPostprocessing = 0;
		};
/* End PBXResourcesBuildPhase section */

/* Begin PBXSourcesBuildPhase section */
		4364035F20DB667E0093241C /* Sources */ = {
			isa = PBXSourcesBuildPhase;
			buildActionMask = 2147483647;
			files = (
				4364036920DB667E0093241C /* ViewController.swift in Sources */,
				4364036720DB667E0093241C /* AppDelegate.swift in Sources */,
				4364036F20DB667F0093241C /* CoreDataPhoneBook.xcdatamodeld in Sources */,
			);
			runOnlyForDeploymentPostprocessing = 0;
		};
/* End PBXSourcesBuildPhase section */

/* Begin PBXVariantGroup section */
		4364036A20DB667F0093241C /* Main.storyboard */ = {
			isa = PBXVariantGroup;
			children = (
				4364036B20DB667F0093241C /* Base */,
			);
			name = Main.storyboard;
			sourceTree = "<group>";
		};
		4364037220DB667F0093241C /* LaunchScreen.storyboard */ = {
			isa = PBXVariantGroup;
			children = (
				4364037320DB667F0093241C /* Base */,
			);
			name = LaunchScreen.storyboard;
			sourceTree = "<group>";
		};
/* End PBXVariantGroup section */

/* Begin XCBuildConfiguration section */
		4364037620DB667F0093241C /* Debug */ = {
			isa = XCBuildConfiguration;
			buildSettings = {
				ALWAYS_SEARCH_USER_PATHS = NO;
				CLANG_ANALYZER_NONNULL = YES;
				CLANG_ANALYZER_NUMBER_OBJECT_CONVERSION = YES_AGGRESSIVE;
				CLANG_CXX_LANGUAGE_STANDARD = "gnu++14";
				CLANG_CXX_LIBRARY = "libc++";
				CLANG_ENABLE_MODULES = YES;
				CLANG_ENABLE_OBJC_ARC = YES;
				CLANG_WARN_BLOCK_CAPTURE_AUTORELEASING = YES;
				CLANG_WARN_BOOL_CONVERSION = YES;
				CLANG_WARN_COMMA = YES;
				CLANG_WARN_CONSTANT_CONVERSION = YES;
				CLANG_WARN_DIRECT_OBJC_ISA_USAGE = YES_ERROR;
				CLANG_WARN_DOCUMENTATION_COMMENTS = YES;
				CLANG_WARN_EMPTY_BODY = YES;
				CLANG_WARN_ENUM_CONVERSION = YES;
				CLANG_WARN_INFINITE_RECURSION = YES;
				CLANG_WARN_INT_CONVERSION = YES;
				CLANG_WARN_NON_LITERAL_NULL_CONVERSION = YES;
				CLANG_WARN_OBJC_LITERAL_CONVERSION = YES;
				CLANG_WARN_OBJC_ROOT_CLASS = YES_ERROR;
				CLANG_WARN_RANGE_LOOP_ANALYSIS = YES;
				CLANG_WARN_STRICT_PROTOTYPES = YES;
				CLANG_WARN_SUSPICIOUS_MOVE = YES;
				CLANG_WARN_UNGUARDED_AVAILABILITY = YES_AGGRESSIVE;
				CLANG_WARN_UNREACHABLE_CODE = YES;
				CLANG_WARN__DUPLICATE_METHOD_MATCH = YES;
				CODE_SIGN_IDENTITY = "iPhone Developer";
				COPY_PHASE_STRIP = NO;
				DEBUG_INFORMATION_FORMAT = dwarf;
				ENABLE_STRICT_OBJC_MSGSEND = YES;
				ENABLE_TESTABILITY = YES;
				GCC_C_LANGUAGE_STANDARD = gnu11;
				GCC_DYNAMIC_NO_PIC = NO;
				GCC_NO_COMMON_BLOCKS = YES;
				GCC_OPTIMIZATION_LEVEL = 0;
				GCC_PREPROCESSOR_DEFINITIONS = (
					"DEBUG=1",
					"$(inherited)",
				);
				GCC_WARN_64_TO_32_BIT_CONVERSION = YES;
				GCC_WARN_ABOUT_RETURN_TYPE = YES_ERROR;
				GCC_WARN_UNDECLARED_SELECTOR = YES;
				GCC_WARN_UNINITIALIZED_AUTOS = YES_AGGRESSIVE;
				GCC_WARN_UNUSED_FUNCTION = YES;
				GCC_WARN_UNUSED_VARIABLE = YES;
				IPHONEOS_DEPLOYMENT_TARGET = 11.2;
				MTL_ENABLE_DEBUG_INFO = YES;
				ONLY_ACTIVE_ARCH = YES;
				SDKROOT = iphoneos;
				SWIFT_ACTIVE_COMPILATION_CONDITIONS = DEBUG;
				SWIFT_OPTIMIZATION_LEVEL = "-Onone";
			};
			name = Debug;
		};
		4364037720DB667F0093241C /* Release */ = {
			isa = XCBuildConfiguration;
			buildSettings = {
				ALWAYS_SEARCH_USER_PATHS = NO;
				CLANG_ANALYZER_NONNULL = YES;
				CLANG_ANALYZER_NUMBER_OBJECT_CONVERSION = YES_AGGRESSIVE;
				CLANG_CXX_LANGUAGE_STANDARD = "gnu++14";
				CLANG_CXX_LIBRARY = "libc++";
				CLANG_ENABLE_MODULES = YES;
				CLANG_ENABLE_OBJC_ARC = YES;
				CLANG_WARN_BLOCK_CAPTURE_AUTORELEASING = YES;
				CLANG_WARN_BOOL_CONVERSION = YES;
				CLANG_WARN_COMMA = YES;
				CLANG_WARN_CONSTANT_CONVERSION = YES;
				CLANG_WARN_DIRECT_OBJC_ISA_USAGE = YES_ERROR;
				CLANG_WARN_DOCUMENTATION_COMMENTS = YES;
				CLANG_WARN_EMPTY_BODY = YES;
				CLANG_WARN_ENUM_CONVERSION = YES;
				CLANG_WARN_INFINITE_RECURSION = YES;
				CLANG_WARN_INT_CONVERSION = YES;
				CLANG_WARN_NON_LITERAL_NULL_CONVERSION = YES;
				CLANG_WARN_OBJC_LITERAL_CONVERSION = YES;
				CLANG_WARN_OBJC_ROOT_CLASS = YES_ERROR;
				CLANG_WARN_RANGE_LOOP_ANALYSIS = YES;
				CLANG_WARN_STRICT_PROTOTYPES = YES;
				CLANG_WARN_SUSPICIOUS_MOVE = YES;
				CLANG_WARN_UNGUARDED_AVAILABILITY = YES_AGGRESSIVE;
				CLANG_WARN_UNREACHABLE_CODE = YES;
				CLANG_WARN__DUPLICATE_METHOD_MATCH = YES;
				CODE_SIGN_IDENTITY = "iPhone Developer";
				COPY_PHASE_STRIP = NO;
				DEBUG_INFORMATION_FORMAT = "dwarf-with-dsym";
				ENABLE_NS_ASSERTIONS = NO;
				ENABLE_STRICT_OBJC_MSGSEND = YES;
				GCC_C_LANGUAGE_STANDARD = gnu11;
				GCC_NO_COMMON_BLOCKS = YES;
				GCC_WARN_64_TO_32_BIT_CONVERSION = YES;
				GCC_WARN_ABOUT_RETURN_TYPE = YES_ERROR;
				GCC_WARN_UNDECLARED_SELECTOR = YES;
				GCC_WARN_UNINITIALIZED_AUTOS = YES_AGGRESSIVE;
				GCC_WARN_UNUSED_FUNCTION = YES;
				GCC_WARN_UNUSED_VARIABLE = YES;
				IPHONEOS_DEPLOYMENT_TARGET = 11.2;
				MTL_ENABLE_DEBUG_INFO = NO;
				SDKROOT = iphoneos;
				SWIFT_OPTIMIZATION_LEVEL = "-Owholemodule";
				VALIDATE_PRODUCT = YES;
			};
			name = Release;
		};
		4364037920DB667F0093241C /* Debug */ = {
			isa = XCBuildConfiguration;
			buildSettings = {
				ASSETCATALOG_COMPILER_APPICON_NAME = AppIcon;
				CODE_SIGN_STYLE = Automatic;
				INFOPLIST_FILE = CoreDataPhoneBook/Info.plist;
				LD_RUNPATH_SEARCH_PATHS = "$(inherited) @executable_path/Frameworks";
				PRODUCT_BUNDLE_IDENTIFIER = vinod.CoreDataPhoneBook;
				PRODUCT_NAME = "$(TARGET_NAME)";
				SWIFT_VERSION = 4.0;
				TARGETED_DEVICE_FAMILY = "1,2";
			};
			name = Debug;
		};
		4364037A20DB667F0093241C /* Release */ = {
			isa = XCBuildConfiguration;
			buildSettings = {
				ASSETCATALOG_COMPILER_APPICON_NAME = AppIcon;
				CODE_SIGN_STYLE = Automatic;
				INFOPLIST_FILE = CoreDataPhoneBook/Info.plist;
				LD_RUNPATH_SEARCH_PATHS = "$(inherited) @executable_path/Frameworks";
				PRODUCT_BUNDLE_IDENTIFIER = vinod.CoreDataPhoneBook;
				PRODUCT_NAME = "$(TARGET_NAME)";
				SWIFT_VERSION = 4.0;
				TARGETED_DEVICE_FAMILY = "1,2";
			};
			name = Release;
		};
/* End XCBuildConfiguration section */

/* Begin XCConfigurationList section */
		4364035E20DB667E0093241C /* Build configuration list for PBXProject "CoreDataPhoneBook" */ = {
			isa = XCConfigurationList;
			buildConfigurations = (
				4364037620DB667F0093241C /* Debug */,
				4364037720DB667F0093241C /* Release */,
			);
			defaultConfigurationIsVisible = 0;
			defaultConfigurationName = Release;
		};
		4364037820DB667F0093241C /* Build configuration list for PBXNativeTarget "CoreDataPhoneBook" */ = {
			isa = XCConfigurationList;
			buildConfigurations = (
				4364037920DB667F0093241C /* Debug */,
				4364037A20DB667F0093241C /* Release */,
			);
			defaultConfigurationIsVisible = 0;
			defaultConfigurationName = Release;
		};
/* End XCConfigurationList section */

/* Begin XCVersionGroup section */
		4364036D20DB667F0093241C /* CoreDataPhoneBook.xcdatamodeld */ = {
			isa = XCVersionGroup;
			children = (
				4364036E20DB667F0093241C /* CoreDataPhoneBook.xcdatamodel */,
			);
			currentVersion = 4364036E20DB667F0093241C /* CoreDataPhoneBook.xcdatamodel */;
			path = CoreDataPhoneBook.xcdatamodeld;
			sourceTree = "<group>";
			versionGroupType = wrapper.xcdatamodel;
		};
/* End XCVersionGroup section */
	};
	rootObject = 4364035B20DB667E0093241C /* Project object */;
}
